
Microsoft Visual Studio Solution File, Format Version 12.00
# Visual Studio Version 17
VisualStudioVersion = 17.3.32804.467
MinimumVisualStudioVersion = 10.0.40219.1
Project("{FAE04EC0-301F-11D3-BF4B-00C04F79EFBC}") = "WinFormsApp1", "WinFormsApp1\WinFormsApp1.csproj", "{64C4BD36-FD43-4155-8EAC-6F15A577A73D}"
EndProject
Global
	GlobalSection(SolutionConfigurationPlatforms) = preSolution
		Debug|Any CPU = Debug|Any CPU
		Release|Any CPU = Release|Any CPU
	EndGlobalSection
	GlobalSection(ProjectConfigurationPlatforms) = postSolution
		{64C4BD36-FD43-4155-8EAC-6F15A577A73D}.Debug|Any CPU.ActiveCfg = Debug|Any CPU
		{64C4BD36-FD43-4155-8EAC-6F15A577A73D}.Debug|Any CPU.Build.0 = Debug|Any CPU
		{64C4BD36-FD43-4155-8EAC-6F15A577A73D}.Release|Any CPU.ActiveCfg = Release|Any CPU
		{64C4BD36-FD43-4155-8EAC-6F15A577A73D}.Release|Any CPU.Build.0 = Release|Any CPU
	EndGlobalSection
	GlobalSection(SolutionProperties) = preSolution
		HideSolutionNode = FALSE
	EndGlobalSection
	GlobalSection(ExtensibilityGlobals) = postSolution
		SolutionGuid = {50E75BA1-3B6F-4921-98FC-EAF1D8D07601}
	EndGlobalSection
EndGlobal
